
Microsoft Visual Studio Solution File, Format Version 12.00
# Visual Studio Version 17
VisualStudioVersion = 17.1.32421.90
MinimumVisualStudioVersion = 10.0.40219.1
Project("{FAE04EC0-301F-11D3-BF4B-00C04F79EFBC}") = "SistemaDeTarefas", "SistemaDeTarefas\SistemaDeTarefas.csproj", "{C8393107-CEF9-4E15-8E28-5633BB626574}"
EndProject
Global
	GlobalSection(SolutionConfigurationPlatforms) = preSolution
		Debug|Any CPU = Debug|Any CPU
		Release|Any CPU = Release|Any CPU
	EndGlobalSection
	GlobalSection(ProjectConfigurationPlatforms) = postSolution
		{C8393107-CEF9-4E15-8E28-5633BB626574}.Debug|Any CPU.ActiveCfg = Debug|Any CPU
		{C8393107-CEF9-4E15-8E28-5633BB626574}.Debug|Any CPU.Build.0 = Debug|Any CPU
		{C8393107-CEF9-4E15-8E28-5633BB626574}.Release|Any CPU.ActiveCfg = Release|Any CPU
		{C8393107-CEF9-4E15-8E28-5633BB626574}.Release|Any CPU.Build.0 = Release|Any CPU
	EndGlobalSection
	GlobalSection(SolutionProperties) = preSolution
		HideSolutionNode = FALSE
	EndGlobalSection
	GlobalSection(ExtensibilityGlobals) = postSolution
		SolutionGuid = {3F1ED5A4-C3B2-43C7-8A11-885487A9E162}
	EndGlobalSection
EndGlobal
