
Microsoft Visual Studio Solution File, Format Version 12.00
# Visual Studio Version 17
VisualStudioVersion = 17.1.32421.90
MinimumVisualStudioVersion = 10.0.40219.1
Project("{FAE04EC0-301F-11D3-BF4B-00C04F79EFBC}") = "Exercicio2", "Exercicio2\Exercicio2.csproj", "{227E0413-0ED8-4F89-8F76-28C2BCC4444B}"
EndProject
Global
	GlobalSection(SolutionConfigurationPlatforms) = preSolution
		Debug|Any CPU = Debug|Any CPU
		Release|Any CPU = Release|Any CPU
	EndGlobalSection
	GlobalSection(ProjectConfigurationPlatforms) = postSolution
		{227E0413-0ED8-4F89-8F76-28C2BCC4444B}.Debug|Any CPU.ActiveCfg = Debug|Any CPU
		{227E0413-0ED8-4F89-8F76-28C2BCC4444B}.Debug|Any CPU.Build.0 = Debug|Any CPU
		{227E0413-0ED8-4F89-8F76-28C2BCC4444B}.Release|Any CPU.ActiveCfg = Release|Any CPU
		{227E0413-0ED8-4F89-8F76-28C2BCC4444B}.Release|Any CPU.Build.0 = Release|Any CPU
	EndGlobalSection
	GlobalSection(SolutionProperties) = preSolution
		HideSolutionNode = FALSE
	EndGlobalSection
	GlobalSection(ExtensibilityGlobals) = postSolution
		SolutionGuid = {800AEB5E-EBFE-4C32-B4E7-D4687356BC5B}
	EndGlobalSection
EndGlobal
