
Microsoft Visual Studio Solution File, Format Version 12.00
# Visual Studio Version 17
VisualStudioVersion = 17.1.32421.90
MinimumVisualStudioVersion = 10.0.40219.1
Project("{FAE04EC0-301F-11D3-BF4B-00C04F79EFBC}") = "Projeto_Listagem_Produtos", "Projeto_Listagem_Produtos\Projeto_Listagem_Produtos.csproj", "{361A445B-6276-42D1-BA9A-5454492F26BB}"
EndProject
Global
	GlobalSection(SolutionConfigurationPlatforms) = preSolution
		Debug|Any CPU = Debug|Any CPU
		Release|Any CPU = Release|Any CPU
	EndGlobalSection
	GlobalSection(ProjectConfigurationPlatforms) = postSolution
		{361A445B-6276-42D1-BA9A-5454492F26BB}.Debug|Any CPU.ActiveCfg = Debug|Any CPU
		{361A445B-6276-42D1-BA9A-5454492F26BB}.Debug|Any CPU.Build.0 = Debug|Any CPU
		{361A445B-6276-42D1-BA9A-5454492F26BB}.Release|Any CPU.ActiveCfg = Release|Any CPU
		{361A445B-6276-42D1-BA9A-5454492F26BB}.Release|Any CPU.Build.0 = Release|Any CPU
	EndGlobalSection
	GlobalSection(SolutionProperties) = preSolution
		HideSolutionNode = FALSE
	EndGlobalSection
	GlobalSection(ExtensibilityGlobals) = postSolution
		SolutionGuid = {992B00D3-7FBD-478A-BC56-9D3BD63271A7}
	EndGlobalSection
EndGlobal
